{
  "object": {
    "pins": [
      {
        "package": "KeychainAccess",
        "repositoryURL": "https://github.com/kishikawakatsumi/KeychainAccess.git",
        "state": {
          "branch": null,
          "revision": "3d0ea2c0806791abcc5d7f0d9f62f1cfd4a7264d",
          "version": "4.2.0"
        }
      },
      {
        "package": "Kingfisher",
        "repositoryURL": "https://github.com/onevcat/Kingfisher.git",
        "state": {
          "branch": null,
          "revision": "44450a8f564d7c0165f736ba2250649ff8d3e556",
          "version": "6.3.0"
        }
      },
      {
        "package": "SwiftyHelper",
        "repositoryURL": "https://github.com/pheztech/SwiftyHelper.git",
        "state": {
          "branch": null,
          "revision": "6d16481e14b05b818f0d498793823bf3b8022f13",
          "version": "0.2.5"
        }
      }
    ]
  },
  "version": 1
}
