// !$*UTF8*$!
{
	archiveVersion = 1;
	classes = {
	};
	objectVersion = 52;
	objects = {

/* Begin PBXBuildFile section */
		375D04F92529077000127305 /* README.md in Resources */ = {isa = PBXBuildFile; fileRef = 375D04F82529076F00127305 /* README.md */; };
		375D04FC25290CDA00127305 /* StateView.swift in Sources */ = {isa = PBXBuildFile; fileRef = 375D04FB25290CDA00127305 /* StateView.swift */; };
		4A6B5CF124AE60CA004172A8 /* AppDelegate.swift in Sources */ = {isa = PBXBuildFile; fileRef = 4A6B5CF024AE60CA004172A8 /* AppDelegate.swift */; };
		4A6B5CF524AE60CD004172A8 /* Assets.xcassets in Resources */ = {isa = PBXBuildFile; fileRef = 4A6B5CF424AE60CD004172A8 /* Assets.xcassets */; };
		4A6B5CF824AE60CD004172A8 /* Preview Assets.xcassets in Resources */ = {isa = PBXBuildFile; fileRef = 4A6B5CF724AE60CD004172A8 /* Preview Assets.xcassets */; };
		4A6B5CFB24AE60CD004172A8 /* LaunchScreen.storyboard in Resources */ = {isa = PBXBuildFile; fileRef = 4A6B5CF924AE60CD004172A8 /* LaunchScreen.storyboard */; };
		4A6B5D0524AE6170004172A8 /* LoginView.swift in Sources */ = {isa = PBXBuildFile; fileRef = 4A6B5D0424AE6170004172A8 /* LoginView.swift */; };
		4A6B5D0824AE62F1004172A8 /* Credentials.swift in Sources */ = {isa = PBXBuildFile; fileRef = 4A6B5D0724AE62F1004172A8 /* Credentials.swift */; };
		4A6B5D0B24AE6310004172A8 /* Skylark.swift in Sources */ = {isa = PBXBuildFile; fileRef = 4A6B5D0A24AE6310004172A8 /* Skylark.swift */; };
		4A6B5D0E24AE6B6C004172A8 /* AuthenticationResponse.swift in Sources */ = {isa = PBXBuildFile; fileRef = 4A6B5D0D24AE6B6C004172A8 /* AuthenticationResponse.swift */; };
		4A6B5D1024AE70B5004172A8 /* TokenRequest.swift in Sources */ = {isa = PBXBuildFile; fileRef = 4A6B5D0F24AE70B5004172A8 /* TokenRequest.swift */; };
		4A6B5D1324AE7212004172A8 /* TokenResponse.swift in Sources */ = {isa = PBXBuildFile; fileRef = 4A6B5D1224AE7212004172A8 /* TokenResponse.swift */; };
		4A6B5D1524AE825C004172A8 /* SeasonsResponse.swift in Sources */ = {isa = PBXBuildFile; fileRef = 4A6B5D1424AE825C004172A8 /* SeasonsResponse.swift */; };
		4A6B5D1724AE834A004172A8 /* SeasonsView.swift in Sources */ = {isa = PBXBuildFile; fileRef = 4A6B5D1624AE834A004172A8 /* SeasonsView.swift */; };
		4A6B5D1924AE85E8004172A8 /* SeasonView.swift in Sources */ = {isa = PBXBuildFile; fileRef = 4A6B5D1824AE85E8004172A8 /* SeasonView.swift */; };
		4A6B5D1B24AE88DE004172A8 /* EventResponse.swift in Sources */ = {isa = PBXBuildFile; fileRef = 4A6B5D1A24AE88DE004172A8 /* EventResponse.swift */; };
		4A6B5D1D24AE8A60004172A8 /* EventView.swift in Sources */ = {isa = PBXBuildFile; fileRef = 4A6B5D1C24AE8A60004172A8 /* EventView.swift */; };
		4A6B5D1F24AE8E31004172A8 /* SessionResponse.swift in Sources */ = {isa = PBXBuildFile; fileRef = 4A6B5D1E24AE8E31004172A8 /* SessionResponse.swift */; };
		4A6B5D2124AE9680004172A8 /* SessionView.swift in Sources */ = {isa = PBXBuildFile; fileRef = 4A6B5D2024AE9680004172A8 /* SessionView.swift */; };
		4A6B5D2324AEA130004172A8 /* ChannelResponse.swift in Sources */ = {isa = PBXBuildFile; fileRef = 4A6B5D2224AEA130004172A8 /* ChannelResponse.swift */; };
		4A6B5D2524AEA2D3004172A8 /* StreamView.swift in Sources */ = {isa = PBXBuildFile; fileRef = 4A6B5D2424AEA2D3004172A8 /* StreamView.swift */; };
		4A6B5D2724AEA7BC004172A8 /* StreamRequest.swift in Sources */ = {isa = PBXBuildFile; fileRef = 4A6B5D2624AEA7BC004172A8 /* StreamRequest.swift */; };
		4A6B5D2924AEA8A9004172A8 /* StreamResponse.swift in Sources */ = {isa = PBXBuildFile; fileRef = 4A6B5D2824AEA8A9004172A8 /* StreamResponse.swift */; };
		4A6B5D2C24AEA932004172A8 /* AuthorizedKey.swift in Sources */ = {isa = PBXBuildFile; fileRef = 4A6B5D2B24AEA932004172A8 /* AuthorizedKey.swift */; };
		4A6B5D2E24AEB00C004172A8 /* AVPlayerRepresentable.swift in Sources */ = {isa = PBXBuildFile; fileRef = 4A6B5D2D24AEB00C004172A8 /* AVPlayerRepresentable.swift */; };
		4A6B5D3024AEBC08004172A8 /* MenuView.swift in Sources */ = {isa = PBXBuildFile; fileRef = 4A6B5D2F24AEBC08004172A8 /* MenuView.swift */; };
		4A6B5D3524AEC553004172A8 /* LiveResponse.swift in Sources */ = {isa = PBXBuildFile; fileRef = 4A6B5D3424AEC553004172A8 /* LiveResponse.swift */; };
		4A6B5D3724AEC695004172A8 /* LiveView.swift in Sources */ = {isa = PBXBuildFile; fileRef = 4A6B5D3624AEC695004172A8 /* LiveView.swift */; };
		4A6B5D3A24AEC778004172A8 /* Optional.swift in Sources */ = {isa = PBXBuildFile; fileRef = 4A6B5D3924AEC778004172A8 /* Optional.swift */; };
		4A6BB87A250590F200E9695B /* KeychainAccess in Frameworks */ = {isa = PBXBuildFile; productRef = 4A6BB879250590F200E9695B /* KeychainAccess */; };
		4A6BB87D2505913D00E9695B /* SwiftyHelper in Frameworks */ = {isa = PBXBuildFile; productRef = 4A6BB87C2505913D00E9695B /* SwiftyHelper */; };
/* End PBXBuildFile section */

/* Begin PBXFileReference section */
		375D04F82529076F00127305 /* README.md */ = {isa = PBXFileReference; fileEncoding = 4; lastKnownFileType = net.daringfireball.markdown; path = README.md; sourceTree = "<group>"; };
		375D04FB25290CDA00127305 /* StateView.swift */ = {isa = PBXFileReference; lastKnownFileType = sourcecode.swift; path = StateView.swift; sourceTree = "<group>"; };
		4A6B5CED24AE60CA004172A8 /* F1TV.app */ = {isa = PBXFileReference; explicitFileType = wrapper.application; includeInIndex = 0; path = F1TV.app; sourceTree = BUILT_PRODUCTS_DIR; };
		4A6B5CF024AE60CA004172A8 /* AppDelegate.swift */ = {isa = PBXFileReference; lastKnownFileType = sourcecode.swift; path = AppDelegate.swift; sourceTree = "<group>"; };
		4A6B5CF424AE60CD004172A8 /* Assets.xcassets */ = {isa = PBXFileReference; lastKnownFileType = folder.assetcatalog; path = Assets.xcassets; sourceTree = "<group>"; };
		4A6B5CF724AE60CD004172A8 /* Preview Assets.xcassets */ = {isa = PBXFileReference; lastKnownFileType = folder.assetcatalog; path = "Preview Assets.xcassets"; sourceTree = "<group>"; };
		4A6B5CFA24AE60CD004172A8 /* Base */ = {isa = PBXFileReference; lastKnownFileType = file.storyboard; name = Base; path = Base.lproj/LaunchScreen.storyboard; sourceTree = "<group>"; };
		4A6B5CFC24AE60CD004172A8 /* Info.plist */ = {isa = PBXFileReference; lastKnownFileType = text.plist.xml; path = Info.plist; sourceTree = "<group>"; };
		4A6B5D0424AE6170004172A8 /* LoginView.swift */ = {isa = PBXFileReference; lastKnownFileType = sourcecode.swift; path = LoginView.swift; sourceTree = "<group>"; };
		4A6B5D0724AE62F1004172A8 /* Credentials.swift */ = {isa = PBXFileReference; lastKnownFileType = sourcecode.swift; path = Credentials.swift; sourceTree = "<group>"; };
		4A6B5D0A24AE6310004172A8 /* Skylark.swift */ = {isa = PBXFileReference; lastKnownFileType = sourcecode.swift; path = Skylark.swift; sourceTree = "<group>"; };
		4A6B5D0D24AE6B6C004172A8 /* AuthenticationResponse.swift */ = {isa = PBXFileReference; lastKnownFileType = sourcecode.swift; path = AuthenticationResponse.swift; sourceTree = "<group>"; };
		4A6B5D0F24AE70B5004172A8 /* TokenRequest.swift */ = {isa = PBXFileReference; lastKnownFileType = sourcecode.swift; path = TokenRequest.swift; sourceTree = "<group>"; };
		4A6B5D1224AE7212004172A8 /* TokenResponse.swift */ = {isa = PBXFileReference; lastKnownFileType = sourcecode.swift; path = TokenResponse.swift; sourceTree = "<group>"; };
		4A6B5D1424AE825C004172A8 /* SeasonsResponse.swift */ = {isa = PBXFileReference; lastKnownFileType = sourcecode.swift; path = SeasonsResponse.swift; sourceTree = "<group>"; };
		4A6B5D1624AE834A004172A8 /* SeasonsView.swift */ = {isa = PBXFileReference; lastKnownFileType = sourcecode.swift; path = SeasonsView.swift; sourceTree = "<group>"; };
		4A6B5D1824AE85E8004172A8 /* SeasonView.swift */ = {isa = PBXFileReference; lastKnownFileType = sourcecode.swift; path = SeasonView.swift; sourceTree = "<group>"; };
		4A6B5D1A24AE88DE004172A8 /* EventResponse.swift */ = {isa = PBXFileReference; lastKnownFileType = sourcecode.swift; path = EventResponse.swift; sourceTree = "<group>"; };
		4A6B5D1C24AE8A60004172A8 /* EventView.swift */ = {isa = PBXFileReference; lastKnownFileType = sourcecode.swift; path = EventView.swift; sourceTree = "<group>"; };
		4A6B5D1E24AE8E31004172A8 /* SessionResponse.swift */ = {isa = PBXFileReference; lastKnownFileType = sourcecode.swift; path = SessionResponse.swift; sourceTree = "<group>"; };
		4A6B5D2024AE9680004172A8 /* SessionView.swift */ = {isa = PBXFileReference; lastKnownFileType = sourcecode.swift; path = SessionView.swift; sourceTree = "<group>"; };
		4A6B5D2224AEA130004172A8 /* ChannelResponse.swift */ = {isa = PBXFileReference; lastKnownFileType = sourcecode.swift; path = ChannelResponse.swift; sourceTree = "<group>"; };
		4A6B5D2424AEA2D3004172A8 /* StreamView.swift */ = {isa = PBXFileReference; lastKnownFileType = sourcecode.swift; path = StreamView.swift; sourceTree = "<group>"; };
		4A6B5D2624AEA7BC004172A8 /* StreamRequest.swift */ = {isa = PBXFileReference; lastKnownFileType = sourcecode.swift; path = StreamRequest.swift; sourceTree = "<group>"; };
		4A6B5D2824AEA8A9004172A8 /* StreamResponse.swift */ = {isa = PBXFileReference; lastKnownFileType = sourcecode.swift; path = StreamResponse.swift; sourceTree = "<group>"; };
		4A6B5D2B24AEA932004172A8 /* AuthorizedKey.swift */ = {isa = PBXFileReference; lastKnownFileType = sourcecode.swift; path = AuthorizedKey.swift; sourceTree = "<group>"; };
		4A6B5D2D24AEB00C004172A8 /* AVPlayerRepresentable.swift */ = {isa = PBXFileReference; lastKnownFileType = sourcecode.swift; path = AVPlayerRepresentable.swift; sourceTree = "<group>"; };
		4A6B5D2F24AEBC08004172A8 /* MenuView.swift */ = {isa = PBXFileReference; lastKnownFileType = sourcecode.swift; path = MenuView.swift; sourceTree = "<group>"; };
		4A6B5D3424AEC553004172A8 /* LiveResponse.swift */ = {isa = PBXFileReference; lastKnownFileType = sourcecode.swift; path = LiveResponse.swift; sourceTree = "<group>"; };
		4A6B5D3624AEC695004172A8 /* LiveView.swift */ = {isa = PBXFileReference; lastKnownFileType = sourcecode.swift; path = LiveView.swift; sourceTree = "<group>"; };
		4A6B5D3924AEC778004172A8 /* Optional.swift */ = {isa = PBXFileReference; lastKnownFileType = sourcecode.swift; path = Optional.swift; sourceTree = "<group>"; };
		4A6BB87E250595A700E9695B /* F1TV.entitlements */ = {isa = PBXFileReference; lastKnownFileType = text.plist.entitlements; path = F1TV.entitlements; sourceTree = "<group>"; };
/* End PBXFileReference section */

/* Begin PBXFrameworksBuildPhase section */
		4A6B5CEA24AE60CA004172A8 /* Frameworks */ = {
			isa = PBXFrameworksBuildPhase;
			buildActionMask = 2147483647;
			files = (
				4A6BB87D2505913D00E9695B /* SwiftyHelper in Frameworks */,
				4A6BB87A250590F200E9695B /* KeychainAccess in Frameworks */,
			);
			runOnlyForDeploymentPostprocessing = 0;
		};
/* End PBXFrameworksBuildPhase section */

/* Begin PBXGroup section */
		4A6B5CE424AE60CA004172A8 = {
			isa = PBXGroup;
			children = (
				375D04F82529076F00127305 /* README.md */,
				4A6B5CEF24AE60CA004172A8 /* F1TV */,
				4A6B5CEE24AE60CA004172A8 /* Products */,
			);
			sourceTree = "<group>";
		};
		4A6B5CEE24AE60CA004172A8 /* Products */ = {
			isa = PBXGroup;
			children = (
				4A6B5CED24AE60CA004172A8 /* F1TV.app */,
			);
			name = Products;
			sourceTree = "<group>";
		};
		4A6B5CEF24AE60CA004172A8 /* F1TV */ = {
			isa = PBXGroup;
			children = (
				4A6BB87E250595A700E9695B /* F1TV.entitlements */,
				4A6B5D0924AE6300004172A8 /* Networking */,
				4A6B5D0624AE62E1004172A8 /* Data */,
				4A6B5D0224AE613F004172A8 /* Views */,
				4A6B5CF024AE60CA004172A8 /* AppDelegate.swift */,
				4A6B5CF424AE60CD004172A8 /* Assets.xcassets */,
				4A6B5CF924AE60CD004172A8 /* LaunchScreen.storyboard */,
				4A6B5CFC24AE60CD004172A8 /* Info.plist */,
				4A6B5CF624AE60CD004172A8 /* Preview Content */,
			);
			path = F1TV;
			sourceTree = "<group>";
		};
		4A6B5CF624AE60CD004172A8 /* Preview Content */ = {
			isa = PBXGroup;
			children = (
				4A6B5CF724AE60CD004172A8 /* Preview Assets.xcassets */,
			);
			path = "Preview Content";
			sourceTree = "<group>";
		};
		4A6B5D0224AE613F004172A8 /* Views */ = {
			isa = PBXGroup;
			children = (
				4A6B5D3824AEC769004172A8 /* Components */,
				4A6B5D2A24AEA91F004172A8 /* Environment */,
				4A6B5D0324AE6146004172A8 /* Authentication */,
				4A6B5D1624AE834A004172A8 /* SeasonsView.swift */,
				4A6B5D1824AE85E8004172A8 /* SeasonView.swift */,
				4A6B5D1C24AE8A60004172A8 /* EventView.swift */,
				4A6B5D2024AE9680004172A8 /* SessionView.swift */,
				4A6B5D2424AEA2D3004172A8 /* StreamView.swift */,
				4A6B5D2D24AEB00C004172A8 /* AVPlayerRepresentable.swift */,
				4A6B5D2F24AEBC08004172A8 /* MenuView.swift */,
				4A6B5D3624AEC695004172A8 /* LiveView.swift */,
			);
			path = Views;
			sourceTree = "<group>";
		};
		4A6B5D0324AE6146004172A8 /* Authentication */ = {
			isa = PBXGroup;
			children = (
				4A6B5D0424AE6170004172A8 /* LoginView.swift */,
				375D04FB25290CDA00127305 /* StateView.swift */,
			);
			path = Authentication;
			sourceTree = "<group>";
		};
		4A6B5D0624AE62E1004172A8 /* Data */ = {
			isa = PBXGroup;
			children = (
				4A6B5D1124AE70B9004172A8 /* Requests */,
				4A6B5D0C24AE6B5F004172A8 /* Responses */,
				4A6B5D0724AE62F1004172A8 /* Credentials.swift */,
			);
			path = Data;
			sourceTree = "<group>";
		};
		4A6B5D0924AE6300004172A8 /* Networking */ = {
			isa = PBXGroup;
			children = (
				4A6B5D0A24AE6310004172A8 /* Skylark.swift */,
			);
			path = Networking;
			sourceTree = "<group>";
		};
		4A6B5D0C24AE6B5F004172A8 /* Responses */ = {
			isa = PBXGroup;
			children = (
				4A6B5D0D24AE6B6C004172A8 /* AuthenticationResponse.swift */,
				4A6B5D1224AE7212004172A8 /* TokenResponse.swift */,
				4A6B5D1424AE825C004172A8 /* SeasonsResponse.swift */,
				4A6B5D1A24AE88DE004172A8 /* EventResponse.swift */,
				4A6B5D1E24AE8E31004172A8 /* SessionResponse.swift */,
				4A6B5D2224AEA130004172A8 /* ChannelResponse.swift */,
				4A6B5D2824AEA8A9004172A8 /* StreamResponse.swift */,
				4A6B5D3424AEC553004172A8 /* LiveResponse.swift */,
			);
			path = Responses;
			sourceTree = "<group>";
		};
		4A6B5D1124AE70B9004172A8 /* Requests */ = {
			isa = PBXGroup;
			children = (
				4A6B5D0F24AE70B5004172A8 /* TokenRequest.swift */,
				4A6B5D2624AEA7BC004172A8 /* StreamRequest.swift */,
			);
			path = Requests;
			sourceTree = "<group>";
		};
		4A6B5D2A24AEA91F004172A8 /* Environment */ = {
			isa = PBXGroup;
			children = (
				4A6B5D2B24AEA932004172A8 /* AuthorizedKey.swift */,
			);
			path = Environment;
			sourceTree = "<group>";
		};
		4A6B5D3824AEC769004172A8 /* Components */ = {
			isa = PBXGroup;
			children = (
				4A6B5D3924AEC778004172A8 /* Optional.swift */,
			);
			path = Components;
			sourceTree = "<group>";
		};
/* End PBXGroup section */

/* Begin PBXNativeTarget section */
		4A6B5CEC24AE60CA004172A8 /* F1TV */ = {
			isa = PBXNativeTarget;
			buildConfigurationList = 4A6B5CFF24AE60CD004172A8 /* Build configuration list for PBXNativeTarget "F1TV" */;
			buildPhases = (
				4A6B5CE924AE60CA004172A8 /* Sources */,
				4A6B5CEA24AE60CA004172A8 /* Frameworks */,
				4A6B5CEB24AE60CA004172A8 /* Resources */,
			);
			buildRules = (
			);
			dependencies = (
			);
			name = F1TV;
			packageProductDependencies = (
				4A6BB879250590F200E9695B /* KeychainAccess */,
				4A6BB87C2505913D00E9695B /* SwiftyHelper */,
			);
			productName = F1TV;
			productReference = 4A6B5CED24AE60CA004172A8 /* F1TV.app */;
			productType = "com.apple.product-type.application";
		};
/* End PBXNativeTarget section */

/* Begin PBXProject section */
		4A6B5CE524AE60CA004172A8 /* Project object */ = {
			isa = PBXProject;
			attributes = {
				LastSwiftUpdateCheck = 1150;
				LastUpgradeCheck = 1150;
				ORGANIZATIONNAME = "Phez Technologies";
				TargetAttributes = {
					4A6B5CEC24AE60CA004172A8 = {
						CreatedOnToolsVersion = 11.5;
					};
				};
			};
			buildConfigurationList = 4A6B5CE824AE60CA004172A8 /* Build configuration list for PBXProject "F1TV" */;
			compatibilityVersion = "Xcode 9.3";
			developmentRegion = en;
			hasScannedForEncodings = 0;
			knownRegions = (
				en,
				Base,
			);
			mainGroup = 4A6B5CE424AE60CA004172A8;
			packageReferences = (
				4A6BB878250590F200E9695B /* XCRemoteSwiftPackageReference "KeychainAccess" */,
				4A6BB87B2505913D00E9695B /* XCRemoteSwiftPackageReference "SwiftyHelper" */,
			);
			productRefGroup = 4A6B5CEE24AE60CA004172A8 /* Products */;
			projectDirPath = "";
			projectRoot = "";
			targets = (
				4A6B5CEC24AE60CA004172A8 /* F1TV */,
			);
		};
/* End PBXProject section */

/* Begin PBXResourcesBuildPhase section */
		4A6B5CEB24AE60CA004172A8 /* Resources */ = {
			isa = PBXResourcesBuildPhase;
			buildActionMask = 2147483647;
			files = (
				4A6B5CFB24AE60CD004172A8 /* LaunchScreen.storyboard in Resources */,
				4A6B5CF824AE60CD004172A8 /* Preview Assets.xcassets in Resources */,
				375D04F92529077000127305 /* README.md in Resources */,
				4A6B5CF524AE60CD004172A8 /* Assets.xcassets in Resources */,
			);
			runOnlyForDeploymentPostprocessing = 0;
		};
/* End PBXResourcesBuildPhase section */

/* Begin PBXSourcesBuildPhase section */
		4A6B5CE924AE60CA004172A8 /* Sources */ = {
			isa = PBXSourcesBuildPhase;
			buildActionMask = 2147483647;
			files = (
				4A6B5D2E24AEB00C004172A8 /* AVPlayerRepresentable.swift in Sources */,
				4A6B5D2324AEA130004172A8 /* ChannelResponse.swift in Sources */,
				375D04FC25290CDA00127305 /* StateView.swift in Sources */,
				4A6B5D0524AE6170004172A8 /* LoginView.swift in Sources */,
				4A6B5D2524AEA2D3004172A8 /* StreamView.swift in Sources */,
				4A6B5D3524AEC553004172A8 /* LiveResponse.swift in Sources */,
				4A6B5D1524AE825C004172A8 /* SeasonsResponse.swift in Sources */,
				4A6B5D3724AEC695004172A8 /* LiveView.swift in Sources */,
				4A6B5D2924AEA8A9004172A8 /* StreamResponse.swift in Sources */,
				4A6B5D1024AE70B5004172A8 /* TokenRequest.swift in Sources */,
				4A6B5D3024AEBC08004172A8 /* MenuView.swift in Sources */,
				4A6B5D1F24AE8E31004172A8 /* SessionResponse.swift in Sources */,
				4A6B5D1D24AE8A60004172A8 /* EventView.swift in Sources */,
				4A6B5D0B24AE6310004172A8 /* Skylark.swift in Sources */,
				4A6B5D0824AE62F1004172A8 /* Credentials.swift in Sources */,
				4A6B5D2124AE9680004172A8 /* SessionView.swift in Sources */,
				4A6B5D1B24AE88DE004172A8 /* EventResponse.swift in Sources */,
				4A6B5D1924AE85E8004172A8 /* SeasonView.swift in Sources */,
				4A6B5D2C24AEA932004172A8 /* AuthorizedKey.swift in Sources */,
				4A6B5D0E24AE6B6C004172A8 /* AuthenticationResponse.swift in Sources */,
				4A6B5D2724AEA7BC004172A8 /* StreamRequest.swift in Sources */,
				4A6B5D1324AE7212004172A8 /* TokenResponse.swift in Sources */,
				4A6B5CF124AE60CA004172A8 /* AppDelegate.swift in Sources */,
				4A6B5D1724AE834A004172A8 /* SeasonsView.swift in Sources */,
				4A6B5D3A24AEC778004172A8 /* Optional.swift in Sources */,
			);
			runOnlyForDeploymentPostprocessing = 0;
		};
/* End PBXSourcesBuildPhase section */

/* Begin PBXVariantGroup section */
		4A6B5CF924AE60CD004172A8 /* LaunchScreen.storyboard */ = {
			isa = PBXVariantGroup;
			children = (
				4A6B5CFA24AE60CD004172A8 /* Base */,
			);
			name = LaunchScreen.storyboard;
			sourceTree = "<group>";
		};
/* End PBXVariantGroup section */

/* Begin XCBuildConfiguration section */
		4A6B5CFD24AE60CD004172A8 /* Debug */ = {
			isa = XCBuildConfiguration;
			buildSettings = {
				ALWAYS_SEARCH_USER_PATHS = NO;
				CLANG_ANALYZER_NONNULL = YES;
				CLANG_ANALYZER_NUMBER_OBJECT_CONVERSION = YES_AGGRESSIVE;
				CLANG_CXX_LANGUAGE_STANDARD = "gnu++14";
				CLANG_CXX_LIBRARY = "libc++";
				CLANG_ENABLE_MODULES = YES;
				CLANG_ENABLE_OBJC_ARC = YES;
				CLANG_ENABLE_OBJC_WEAK = YES;
				CLANG_WARN_BLOCK_CAPTURE_AUTORELEASING = YES;
				CLANG_WARN_BOOL_CONVERSION = YES;
				CLANG_WARN_COMMA = YES;
				CLANG_WARN_CONSTANT_CONVERSION = YES;
				CLANG_WARN_DEPRECATED_OBJC_IMPLEMENTATIONS = YES;
				CLANG_WARN_DIRECT_OBJC_ISA_USAGE = YES_ERROR;
				CLANG_WARN_DOCUMENTATION_COMMENTS = YES;
				CLANG_WARN_EMPTY_BODY = YES;
				CLANG_WARN_ENUM_CONVERSION = YES;
				CLANG_WARN_INFINITE_RECURSION = YES;
				CLANG_WARN_INT_CONVERSION = YES;
				CLANG_WARN_NON_LITERAL_NULL_CONVERSION = YES;
				CLANG_WARN_OBJC_IMPLICIT_RETAIN_SELF = YES;
				CLANG_WARN_OBJC_LITERAL_CONVERSION = YES;
				CLANG_WARN_OBJC_ROOT_CLASS = YES_ERROR;
				CLANG_WARN_RANGE_LOOP_ANALYSIS = YES;
				CLANG_WARN_STRICT_PROTOTYPES = YES;
				CLANG_WARN_SUSPICIOUS_MOVE = YES;
				CLANG_WARN_UNGUARDED_AVAILABILITY = YES_AGGRESSIVE;
				CLANG_WARN_UNREACHABLE_CODE = YES;
				CLANG_WARN__DUPLICATE_METHOD_MATCH = YES;
				COPY_PHASE_STRIP = NO;
				DEBUG_INFORMATION_FORMAT = dwarf;
				ENABLE_STRICT_OBJC_MSGSEND = YES;
				ENABLE_TESTABILITY = YES;
				GCC_C_LANGUAGE_STANDARD = gnu11;
				GCC_DYNAMIC_NO_PIC = NO;
				GCC_NO_COMMON_BLOCKS = YES;
				GCC_OPTIMIZATION_LEVEL = 0;
				GCC_PREPROCESSOR_DEFINITIONS = (
					"DEBUG=1",
					"$(inherited)",
				);
				GCC_WARN_64_TO_32_BIT_CONVERSION = YES;
				GCC_WARN_ABOUT_RETURN_TYPE = YES_ERROR;
				GCC_WARN_UNDECLARED_SELECTOR = YES;
				GCC_WARN_UNINITIALIZED_AUTOS = YES_AGGRESSIVE;
				GCC_WARN_UNUSED_FUNCTION = YES;
				GCC_WARN_UNUSED_VARIABLE = YES;
				MTL_ENABLE_DEBUG_INFO = INCLUDE_SOURCE;
				MTL_FAST_MATH = YES;
				ONLY_ACTIVE_ARCH = YES;
				SDKROOT = appletvos;
				SWIFT_ACTIVE_COMPILATION_CONDITIONS = DEBUG;
				SWIFT_OPTIMIZATION_LEVEL = "-Onone";
				TVOS_DEPLOYMENT_TARGET = 13.4;
			};
			name = Debug;
		};
		4A6B5CFE24AE60CD004172A8 /* Release */ = {
			isa = XCBuildConfiguration;
			buildSettings = {
				ALWAYS_SEARCH_USER_PATHS = NO;
				CLANG_ANALYZER_NONNULL = YES;
				CLANG_ANALYZER_NUMBER_OBJECT_CONVERSION = YES_AGGRESSIVE;
				CLANG_CXX_LANGUAGE_STANDARD = "gnu++14";
				CLANG_CXX_LIBRARY = "libc++";
				CLANG_ENABLE_MODULES = YES;
				CLANG_ENABLE_OBJC_ARC = YES;
				CLANG_ENABLE_OBJC_WEAK = YES;
				CLANG_WARN_BLOCK_CAPTURE_AUTORELEASING = YES;
				CLANG_WARN_BOOL_CONVERSION = YES;
				CLANG_WARN_COMMA = YES;
				CLANG_WARN_CONSTANT_CONVERSION = YES;
				CLANG_WARN_DEPRECATED_OBJC_IMPLEMENTATIONS = YES;
				CLANG_WARN_DIRECT_OBJC_ISA_USAGE = YES_ERROR;
				CLANG_WARN_DOCUMENTATION_COMMENTS = YES;
				CLANG_WARN_EMPTY_BODY = YES;
				CLANG_WARN_ENUM_CONVERSION = YES;
				CLANG_WARN_INFINITE_RECURSION = YES;
				CLANG_WARN_INT_CONVERSION = YES;
				CLANG_WARN_NON_LITERAL_NULL_CONVERSION = YES;
				CLANG_WARN_OBJC_IMPLICIT_RETAIN_SELF = YES;
				CLANG_WARN_OBJC_LITERAL_CONVERSION = YES;
				CLANG_WARN_OBJC_ROOT_CLASS = YES_ERROR;
				CLANG_WARN_RANGE_LOOP_ANALYSIS = YES;
				CLANG_WARN_STRICT_PROTOTYPES = YES;
				CLANG_WARN_SUSPICIOUS_MOVE = YES;
				CLANG_WARN_UNGUARDED_AVAILABILITY = YES_AGGRESSIVE;
				CLANG_WARN_UNREACHABLE_CODE = YES;
				CLANG_WARN__DUPLICATE_METHOD_MATCH = YES;
				COPY_PHASE_STRIP = NO;
				DEBUG_INFORMATION_FORMAT = "dwarf-with-dsym";
				ENABLE_NS_ASSERTIONS = NO;
				ENABLE_STRICT_OBJC_MSGSEND = YES;
				GCC_C_LANGUAGE_STANDARD = gnu11;
				GCC_NO_COMMON_BLOCKS = YES;
				GCC_WARN_64_TO_32_BIT_CONVERSION = YES;
				GCC_WARN_ABOUT_RETURN_TYPE = YES_ERROR;
				GCC_WARN_UNDECLARED_SELECTOR = YES;
				GCC_WARN_UNINITIALIZED_AUTOS = YES_AGGRESSIVE;
				GCC_WARN_UNUSED_FUNCTION = YES;
				GCC_WARN_UNUSED_VARIABLE = YES;
				MTL_ENABLE_DEBUG_INFO = NO;
				MTL_FAST_MATH = YES;
				SDKROOT = appletvos;
				SWIFT_COMPILATION_MODE = wholemodule;
				SWIFT_OPTIMIZATION_LEVEL = "-O";
				TVOS_DEPLOYMENT_TARGET = 13.4;
				VALIDATE_PRODUCT = YES;
			};
			name = Release;
		};
		4A6B5D0024AE60CD004172A8 /* Debug */ = {
			isa = XCBuildConfiguration;
			buildSettings = {
				ASSETCATALOG_COMPILER_APPICON_NAME = "App Icon & Top Shelf Image";
				CODE_SIGN_ENTITLEMENTS = F1TV/F1TV.entitlements;
				CODE_SIGN_IDENTITY = "Apple Development";
				CODE_SIGN_STYLE = Automatic;
				DEVELOPMENT_ASSET_PATHS = "\"F1TV/Preview Content\"";
				DEVELOPMENT_TEAM = FS7843V9B7;
				ENABLE_PREVIEWS = YES;
				INFOPLIST_FILE = F1TV/Info.plist;
				LD_RUNPATH_SEARCH_PATHS = (
					"$(inherited)",
					"@executable_path/Frameworks",
				);
				MARKETING_VERSION = 1.3;
				PRODUCT_BUNDLE_IDENTIFIER = com.kpham.f1tv;
				PRODUCT_NAME = "$(TARGET_NAME)";
				PROVISIONING_PROFILE_SPECIFIER = "";
				SWIFT_VERSION = 5.0;
				TARGETED_DEVICE_FAMILY = 3;
				TVOS_DEPLOYMENT_TARGET = 13.0;
			};
			name = Debug;
		};
		4A6B5D0124AE60CD004172A8 /* Release */ = {
			isa = XCBuildConfiguration;
			buildSettings = {
				ASSETCATALOG_COMPILER_APPICON_NAME = "App Icon & Top Shelf Image";
				CODE_SIGN_ENTITLEMENTS = F1TV/F1TV.entitlements;
				CODE_SIGN_IDENTITY = "Apple Development";
				CODE_SIGN_STYLE = Automatic;
				DEVELOPMENT_ASSET_PATHS = "\"F1TV/Preview Content\"";
				DEVELOPMENT_TEAM = FS7843V9B7;
				ENABLE_PREVIEWS = YES;
				INFOPLIST_FILE = F1TV/Info.plist;
				LD_RUNPATH_SEARCH_PATHS = (
					"$(inherited)",
					"@executable_path/Frameworks",
				);
				MARKETING_VERSION = 1.3;
				PRODUCT_BUNDLE_IDENTIFIER = com.kpham.f1tv;
				PRODUCT_NAME = "$(TARGET_NAME)";
				PROVISIONING_PROFILE_SPECIFIER = "";
				SWIFT_VERSION = 5.0;
				TARGETED_DEVICE_FAMILY = 3;
				TVOS_DEPLOYMENT_TARGET = 13.0;
			};
			name = Release;
		};
/* End XCBuildConfiguration section */

/* Begin XCConfigurationList section */
		4A6B5CE824AE60CA004172A8 /* Build configuration list for PBXProject "F1TV" */ = {
			isa = XCConfigurationList;
			buildConfigurations = (
				4A6B5CFD24AE60CD004172A8 /* Debug */,
				4A6B5CFE24AE60CD004172A8 /* Release */,
			);
			defaultConfigurationIsVisible = 0;
			defaultConfigurationName = Release;
		};
		4A6B5CFF24AE60CD004172A8 /* Build configuration list for PBXNativeTarget "F1TV" */ = {
			isa = XCConfigurationList;
			buildConfigurations = (
				4A6B5D0024AE60CD004172A8 /* Debug */,
				4A6B5D0124AE60CD004172A8 /* Release */,
			);
			defaultConfigurationIsVisible = 0;
			defaultConfigurationName = Release;
		};
/* End XCConfigurationList section */

/* Begin XCRemoteSwiftPackageReference section */
		4A6BB878250590F200E9695B /* XCRemoteSwiftPackageReference "KeychainAccess" */ = {
			isa = XCRemoteSwiftPackageReference;
			repositoryURL = "https://github.com/kishikawakatsumi/KeychainAccess.git";
			requirement = {
				kind = upToNextMajorVersion;
				minimumVersion = 4.2.0;
			};
		};
		4A6BB87B2505913D00E9695B /* XCRemoteSwiftPackageReference "SwiftyHelper" */ = {
			isa = XCRemoteSwiftPackageReference;
			repositoryURL = "https://github.com/pheztech/SwiftyHelper.git";
			requirement = {
				kind = upToNextMajorVersion;
				minimumVersion = 0.2.5;
			};
		};
/* End XCRemoteSwiftPackageReference section */

/* Begin XCSwiftPackageProductDependency section */
		4A6BB879250590F200E9695B /* KeychainAccess */ = {
			isa = XCSwiftPackageProductDependency;
			package = 4A6BB878250590F200E9695B /* XCRemoteSwiftPackageReference "KeychainAccess" */;
			productName = KeychainAccess;
		};
		4A6BB87C2505913D00E9695B /* SwiftyHelper */ = {
			isa = XCSwiftPackageProductDependency;
			package = 4A6BB87B2505913D00E9695B /* XCRemoteSwiftPackageReference "SwiftyHelper" */;
			productName = SwiftyHelper;
		};
/* End XCSwiftPackageProductDependency section */
	};
	rootObject = 4A6B5CE524AE60CA004172A8 /* Project object */;
}
